
Microsoft Visual Studio Solution File, Format Version 12.00
# Visual Studio Version 16
VisualStudioVersion = 16.0.29424.173
MinimumVisualStudioVersion = 10.0.40219.1
Project("{FAE04EC0-301F-11D3-BF4B-00C04F79EFBC}") = "GreenslateChallenge", "GreenslateChallenge.csproj", "{A5C433F5-2457-414A-984E-B7FF62B541E2}"
EndProject
Global
	GlobalSection(SolutionConfigurationPlatforms) = preSolution
		Debug|Any CPU = Debug|Any CPU
		Release|Any CPU = Release|Any CPU
	EndGlobalSection
	GlobalSection(ProjectConfigurationPlatforms) = postSolution
		{A5C433F5-2457-414A-984E-B7FF62B541E2}.Debug|Any CPU.ActiveCfg = Debug|Any CPU
		{A5C433F5-2457-414A-984E-B7FF62B541E2}.Debug|Any CPU.Build.0 = Debug|Any CPU
		{A5C433F5-2457-414A-984E-B7FF62B541E2}.Release|Any CPU.ActiveCfg = Release|Any CPU
		{A5C433F5-2457-414A-984E-B7FF62B541E2}.Release|Any CPU.Build.0 = Release|Any CPU
	EndGlobalSection
	GlobalSection(SolutionProperties) = preSolution
		HideSolutionNode = FALSE
	EndGlobalSection
	GlobalSection(ExtensibilityGlobals) = postSolution
		SolutionGuid = {B1C005F7-3477-43E0-A49A-183B55F875F1}
	EndGlobalSection
EndGlobal
